
Microsoft Visual Studio Solution File, Format Version 12.00
# Visual Studio 15
VisualStudioVersion = 15.0.27130.2020
MinimumVisualStudioVersion = 10.0.40219.1
Project("{FAE04EC0-301F-11D3-BF4B-00C04F79EFBC}") = "2048", "2048\2048.csproj", "{52C523E1-B20D-46C7-B699-FBEA44DC6358}"
EndProject
Global
	GlobalSection(SolutionConfigurationPlatforms) = preSolution
		Debug|Any CPU = Debug|Any CPU
		Release|Any CPU = Release|Any CPU
	EndGlobalSection
	GlobalSection(ProjectConfigurationPlatforms) = postSolution
		{52C523E1-B20D-46C7-B699-FBEA44DC6358}.Debug|Any CPU.ActiveCfg = Debug|Any CPU
		{52C523E1-B20D-46C7-B699-FBEA44DC6358}.Debug|Any CPU.Build.0 = Debug|Any CPU
		{52C523E1-B20D-46C7-B699-FBEA44DC6358}.Release|Any CPU.ActiveCfg = Release|Any CPU
		{52C523E1-B20D-46C7-B699-FBEA44DC6358}.Release|Any CPU.Build.0 = Release|Any CPU
	EndGlobalSection
	GlobalSection(SolutionProperties) = preSolution
		HideSolutionNode = FALSE
	EndGlobalSection
	GlobalSection(ExtensibilityGlobals) = postSolution
		SolutionGuid = {78090749-D621-475B-B488-881A3BD9D28D}
	EndGlobalSection
EndGlobal
